
Microsoft Visual Studio Solution File, Format Version 12.00
# Visual Studio Version 17
VisualStudioVersion = 17.7.34024.191
MinimumVisualStudioVersion = 10.0.40219.1
Project("{FAE04EC0-301F-11D3-BF4B-00C04F79EFBC}") = "ModernDesign", "ModernDesign\ModernDesign.csproj", "{F874E614-1D61-40F1-B223-DCEF2A18D84F}"
EndProject
Global
	GlobalSection(SolutionConfigurationPlatforms) = preSolution
		Debug|Any CPU = Debug|Any CPU
		Release|Any CPU = Release|Any CPU
	EndGlobalSection
	GlobalSection(ProjectConfigurationPlatforms) = postSolution
		{F874E614-1D61-40F1-B223-DCEF2A18D84F}.Debug|Any CPU.ActiveCfg = Debug|Any CPU
		{F874E614-1D61-40F1-B223-DCEF2A18D84F}.Debug|Any CPU.Build.0 = Debug|Any CPU
		{F874E614-1D61-40F1-B223-DCEF2A18D84F}.Release|Any CPU.ActiveCfg = Release|Any CPU
		{F874E614-1D61-40F1-B223-DCEF2A18D84F}.Release|Any CPU.Build.0 = Release|Any CPU
	EndGlobalSection
	GlobalSection(SolutionProperties) = preSolution
		HideSolutionNode = FALSE
	EndGlobalSection
	GlobalSection(ExtensibilityGlobals) = postSolution
		SolutionGuid = {B6C31A9E-E020-4886-8B15-B3EBF7966771}
	EndGlobalSection
EndGlobal
